
Microsoft Visual Studio Solution File, Format Version 12.00
# Visual Studio Version 16
VisualStudioVersion = 16.0.29613.14
MinimumVisualStudioVersion = 10.0.40219.1
Project("{2150E333-8FDC-42A3-9474-1A3956D46DE8}") = "Test", "Test", "{123C39E5-32E8-4CBF-8914-03AD5627149D}"
EndProject
Project("{2150E333-8FDC-42A3-9474-1A3956D46DE8}") = "Libs", "Libs", "{ACC45CB6-852A-4DCC-AEE2-C4F26E6F942B}"
EndProject
Project("{2150E333-8FDC-42A3-9474-1A3956D46DE8}") = "Tools", "Tools", "{352837EB-1F3A-41D8-91F9-4CD9A197CC76}"
EndProject
Project("{8BC9CEB8-8B4A-11D0-8D11-00A0C91BC942}") = "Network", "Projects\Android\Network\Network.vcxproj", "{6FC2BDE7-3558-4256-8408-FF1DAE5B22E6}"
EndProject
Project("{8BC9CEB8-8B4A-11D0-8D11-00A0C91BC942}") = "Utility", "Projects\Android\Utility\Utility.vcxproj", "{0A1EE270-A68C-4754-917E-866A3F69A4CA}"
EndProject
Project("{39E2626F-3545-4960-A6E8-258AD8476CE5}") = "TestNetworkApp", "Test\Android\TestNetworkApp\TestNetworkApp.androidproj", "{9F50D38D-A3A4-4A88-A3BE-A8A2DC02A0A0}"
EndProject
Project("{39E2626F-3545-4960-A6E8-258AD8476CE5}") = "TestLuaApp", "Test\Android\TestLuaApp\TestLuaApp.androidproj", "{AF8DEE00-3F64-4727-9A19-1719939360DB}"
EndProject
Project("{8BC9CEB8-8B4A-11D0-8D11-00A0C91BC942}") = "TestLua", "Test\Android\TestLua\TestLua.vcxproj", "{A64F94CE-4930-4FF5-9ABC-85CB72F1AF43}"
EndProject
Project("{8BC9CEB8-8B4A-11D0-8D11-00A0C91BC942}") = "TestNetwork", "Test\Android\TestNetwork\TestNetwork.vcxproj", "{FE7D7F5A-15FE-4F35-8B24-BBD20E334A45}"
EndProject
Project("{8BC9CEB8-8B4A-11D0-8D11-00A0C91BC942}") = "Lua", "Projects\Android\Lua\Lua.vcxproj", "{299AC609-16EF-48DF-82C3-C1FA80B95B89}"
EndProject
Project("{8BC9CEB8-8B4A-11D0-8D11-00A0C91BC942}") = "RHI", "Projects\Android\RHI\RHI.vcxproj", "{5B8FB16A-620C-419A-ABE3-3D525E6DEDB0}"
EndProject
Project("{8BC9CEB8-8B4A-11D0-8D11-00A0C91BC942}") = "RHI.OpenGL", "Projects\Android\RHI.OpenGL\RHI.OpenGL.vcxproj", "{9E16D20A-2873-4FAA-A0E9-362AF2D30A77}"
EndProject
Project("{8BC9CEB8-8B4A-11D0-8D11-00A0C91BC942}") = "Renderer", "Projects\Android\Renderer\Renderer.vcxproj", "{F76AEA6F-A678-4542-91CC-8DD99FC81F76}"
EndProject
Project("{8BC9CEB8-8B4A-11D0-8D11-00A0C91BC942}") = "Font", "Projects\Android\Font\Font.vcxproj", "{854E82F5-77D1-42DC-BCC3-5FBC021F536C}"
EndProject
Project("{39E2626F-3545-4960-A6E8-258AD8476CE5}") = "Native", "Projects\Android\Native\Native.androidproj", "{27496D8D-E6C4-44B0-9DBF-7A4736418B24}"
EndProject
Project("{8BC9CEB8-8B4A-11D0-8D11-00A0C91BC942}") = "Paper2d", "Projects\Android\Paper2d\Paper2d.vcxproj", "{900742D7-148B-48F1-B363-E6AD4AB1B6DB}"
EndProject
Project("{8BC9CEB8-8B4A-11D0-8D11-00A0C91BC942}") = "Gui", "Projects\Android\Gui\Gui.vcxproj", "{D5EB2C13-AE9B-471C-B8CB-9BCA829512CD}"
EndProject
Project("{8BC9CEB8-8B4A-11D0-8D11-00A0C91BC942}") = "GameEngine", "Projects\Android\GameEngine\GameEngine.vcxproj", "{B63A511A-7DF7-4D47-841E-D82C026B1E72}"
EndProject
Global
	GlobalSection(SolutionConfigurationPlatforms) = preSolution
		Debug|ARM = Debug|ARM
		Debug|ARM64 = Debug|ARM64
		Debug|x64 = Debug|x64
		Debug|x86 = Debug|x86
		Release|ARM = Release|ARM
		Release|ARM64 = Release|ARM64
		Release|x64 = Release|x64
		Release|x86 = Release|x86
	EndGlobalSection
	GlobalSection(ProjectConfigurationPlatforms) = postSolution
		{6FC2BDE7-3558-4256-8408-FF1DAE5B22E6}.Debug|ARM.ActiveCfg = Debug|ARM
		{6FC2BDE7-3558-4256-8408-FF1DAE5B22E6}.Debug|ARM.Build.0 = Debug|ARM
		{6FC2BDE7-3558-4256-8408-FF1DAE5B22E6}.Debug|ARM64.ActiveCfg = Debug|ARM64
		{6FC2BDE7-3558-4256-8408-FF1DAE5B22E6}.Debug|ARM64.Build.0 = Debug|ARM64
		{6FC2BDE7-3558-4256-8408-FF1DAE5B22E6}.Debug|x64.ActiveCfg = Debug|x64
		{6FC2BDE7-3558-4256-8408-FF1DAE5B22E6}.Debug|x64.Build.0 = Debug|x64
		{6FC2BDE7-3558-4256-8408-FF1DAE5B22E6}.Debug|x86.ActiveCfg = Debug|x86
		{6FC2BDE7-3558-4256-8408-FF1DAE5B22E6}.Debug|x86.Build.0 = Debug|x86
		{6FC2BDE7-3558-4256-8408-FF1DAE5B22E6}.Release|ARM.ActiveCfg = Release|ARM
		{6FC2BDE7-3558-4256-8408-FF1DAE5B22E6}.Release|ARM.Build.0 = Release|ARM
		{6FC2BDE7-3558-4256-8408-FF1DAE5B22E6}.Release|ARM64.ActiveCfg = Release|ARM64
		{6FC2BDE7-3558-4256-8408-FF1DAE5B22E6}.Release|ARM64.Build.0 = Release|ARM64
		{6FC2BDE7-3558-4256-8408-FF1DAE5B22E6}.Release|x64.ActiveCfg = Release|x64
		{6FC2BDE7-3558-4256-8408-FF1DAE5B22E6}.Release|x64.Build.0 = Release|x64
		{6FC2BDE7-3558-4256-8408-FF1DAE5B22E6}.Release|x86.ActiveCfg = Release|x86
		{6FC2BDE7-3558-4256-8408-FF1DAE5B22E6}.Release|x86.Build.0 = Release|x86
		{0A1EE270-A68C-4754-917E-866A3F69A4CA}.Debug|ARM.ActiveCfg = Debug|ARM
		{0A1EE270-A68C-4754-917E-866A3F69A4CA}.Debug|ARM.Build.0 = Debug|ARM
		{0A1EE270-A68C-4754-917E-866A3F69A4CA}.Debug|ARM64.ActiveCfg = Debug|ARM64
		{0A1EE270-A68C-4754-917E-866A3F69A4CA}.Debug|ARM64.Build.0 = Debug|ARM64
		{0A1EE270-A68C-4754-917E-866A3F69A4CA}.Debug|x64.ActiveCfg = Debug|x64
		{0A1EE270-A68C-4754-917E-866A3F69A4CA}.Debug|x64.Build.0 = Debug|x64
		{0A1EE270-A68C-4754-917E-866A3F69A4CA}.Debug|x86.ActiveCfg = Debug|x86
		{0A1EE270-A68C-4754-917E-866A3F69A4CA}.Debug|x86.Build.0 = Debug|x86
		{0A1EE270-A68C-4754-917E-866A3F69A4CA}.Release|ARM.ActiveCfg = Release|ARM
		{0A1EE270-A68C-4754-917E-866A3F69A4CA}.Release|ARM.Build.0 = Release|ARM
		{0A1EE270-A68C-4754-917E-866A3F69A4CA}.Release|ARM64.ActiveCfg = Release|ARM64
		{0A1EE270-A68C-4754-917E-866A3F69A4CA}.Release|ARM64.Build.0 = Release|ARM64
		{0A1EE270-A68C-4754-917E-866A3F69A4CA}.Release|x64.ActiveCfg = Release|x64
		{0A1EE270-A68C-4754-917E-866A3F69A4CA}.Release|x64.Build.0 = Release|x64
		{0A1EE270-A68C-4754-917E-866A3F69A4CA}.Release|x86.ActiveCfg = Release|x86
		{0A1EE270-A68C-4754-917E-866A3F69A4CA}.Release|x86.Build.0 = Release|x86
		{9F50D38D-A3A4-4A88-A3BE-A8A2DC02A0A0}.Debug|ARM.ActiveCfg = Debug|ARM
		{9F50D38D-A3A4-4A88-A3BE-A8A2DC02A0A0}.Debug|ARM.Build.0 = Debug|ARM
		{9F50D38D-A3A4-4A88-A3BE-A8A2DC02A0A0}.Debug|ARM.Deploy.0 = Debug|ARM
		{9F50D38D-A3A4-4A88-A3BE-A8A2DC02A0A0}.Debug|ARM64.ActiveCfg = Debug|ARM64
		{9F50D38D-A3A4-4A88-A3BE-A8A2DC02A0A0}.Debug|ARM64.Build.0 = Debug|ARM64
		{9F50D38D-A3A4-4A88-A3BE-A8A2DC02A0A0}.Debug|ARM64.Deploy.0 = Debug|ARM64
		{9F50D38D-A3A4-4A88-A3BE-A8A2DC02A0A0}.Debug|x64.ActiveCfg = Debug|x64
		{9F50D38D-A3A4-4A88-A3BE-A8A2DC02A0A0}.Debug|x64.Build.0 = Debug|x64
		{9F50D38D-A3A4-4A88-A3BE-A8A2DC02A0A0}.Debug|x64.Deploy.0 = Debug|x64
		{9F50D38D-A3A4-4A88-A3BE-A8A2DC02A0A0}.Debug|x86.ActiveCfg = Debug|x86
		{9F50D38D-A3A4-4A88-A3BE-A8A2DC02A0A0}.Debug|x86.Build.0 = Debug|x86
		{9F50D38D-A3A4-4A88-A3BE-A8A2DC02A0A0}.Debug|x86.Deploy.0 = Debug|x86
		{9F50D38D-A3A4-4A88-A3BE-A8A2DC02A0A0}.Release|ARM.ActiveCfg = Release|ARM
		{9F50D38D-A3A4-4A88-A3BE-A8A2DC02A0A0}.Release|ARM.Build.0 = Release|ARM
		{9F50D38D-A3A4-4A88-A3BE-A8A2DC02A0A0}.Release|ARM.Deploy.0 = Release|ARM
		{9F50D38D-A3A4-4A88-A3BE-A8A2DC02A0A0}.Release|ARM64.ActiveCfg = Release|ARM64
		{9F50D38D-A3A4-4A88-A3BE-A8A2DC02A0A0}.Release|ARM64.Build.0 = Release|ARM64
		{9F50D38D-A3A4-4A88-A3BE-A8A2DC02A0A0}.Release|ARM64.Deploy.0 = Release|ARM64
		{9F50D38D-A3A4-4A88-A3BE-A8A2DC02A0A0}.Release|x64.ActiveCfg = Release|x64
		{9F50D38D-A3A4-4A88-A3BE-A8A2DC02A0A0}.Release|x64.Build.0 = Release|x64
		{9F50D38D-A3A4-4A88-A3BE-A8A2DC02A0A0}.Release|x64.Deploy.0 = Release|x64
		{9F50D38D-A3A4-4A88-A3BE-A8A2DC02A0A0}.Release|x86.ActiveCfg = Release|x86
		{9F50D38D-A3A4-4A88-A3BE-A8A2DC02A0A0}.Release|x86.Build.0 = Release|x86
		{9F50D38D-A3A4-4A88-A3BE-A8A2DC02A0A0}.Release|x86.Deploy.0 = Release|x86
		{AF8DEE00-3F64-4727-9A19-1719939360DB}.Debug|ARM.ActiveCfg = Debug|ARM
		{AF8DEE00-3F64-4727-9A19-1719939360DB}.Debug|ARM.Build.0 = Debug|ARM
		{AF8DEE00-3F64-4727-9A19-1719939360DB}.Debug|ARM.Deploy.0 = Debug|ARM
		{AF8DEE00-3F64-4727-9A19-1719939360DB}.Debug|ARM64.ActiveCfg = Debug|ARM64
		{AF8DEE00-3F64-4727-9A19-1719939360DB}.Debug|ARM64.Build.0 = Debug|ARM64
		{AF8DEE00-3F64-4727-9A19-1719939360DB}.Debug|ARM64.Deploy.0 = Debug|ARM64
		{AF8DEE00-3F64-4727-9A19-1719939360DB}.Debug|x64.ActiveCfg = Debug|x64
		{AF8DEE00-3F64-4727-9A19-1719939360DB}.Debug|x64.Build.0 = Debug|x64
		{AF8DEE00-3F64-4727-9A19-1719939360DB}.Debug|x64.Deploy.0 = Debug|x64
		{AF8DEE00-3F64-4727-9A19-1719939360DB}.Debug|x86.ActiveCfg = Debug|x86
		{AF8DEE00-3F64-4727-9A19-1719939360DB}.Debug|x86.Build.0 = Debug|x86
		{AF8DEE00-3F64-4727-9A19-1719939360DB}.Debug|x86.Deploy.0 = Debug|x86
		{AF8DEE00-3F64-4727-9A19-1719939360DB}.Release|ARM.ActiveCfg = Release|ARM
		{AF8DEE00-3F64-4727-9A19-1719939360DB}.Release|ARM.Build.0 = Release|ARM
		{AF8DEE00-3F64-4727-9A19-1719939360DB}.Release|ARM.Deploy.0 = Release|ARM
		{AF8DEE00-3F64-4727-9A19-1719939360DB}.Release|ARM64.ActiveCfg = Release|ARM64
		{AF8DEE00-3F64-4727-9A19-1719939360DB}.Release|ARM64.Build.0 = Release|ARM64
		{AF8DEE00-3F64-4727-9A19-1719939360DB}.Release|ARM64.Deploy.0 = Release|ARM64
		{AF8DEE00-3F64-4727-9A19-1719939360DB}.Release|x64.ActiveCfg = Release|x64
		{AF8DEE00-3F64-4727-9A19-1719939360DB}.Release|x64.Build.0 = Release|x64
		{AF8DEE00-3F64-4727-9A19-1719939360DB}.Release|x64.Deploy.0 = Release|x64
		{AF8DEE00-3F64-4727-9A19-1719939360DB}.Release|x86.ActiveCfg = Release|x86
		{AF8DEE00-3F64-4727-9A19-1719939360DB}.Release|x86.Build.0 = Release|x86
		{AF8DEE00-3F64-4727-9A19-1719939360DB}.Release|x86.Deploy.0 = Release|x86
		{A64F94CE-4930-4FF5-9ABC-85CB72F1AF43}.Debug|ARM.ActiveCfg = Debug|ARM
		{A64F94CE-4930-4FF5-9ABC-85CB72F1AF43}.Debug|ARM.Build.0 = Debug|ARM
		{A64F94CE-4930-4FF5-9ABC-85CB72F1AF43}.Debug|ARM64.ActiveCfg = Debug|ARM64
		{A64F94CE-4930-4FF5-9ABC-85CB72F1AF43}.Debug|ARM64.Build.0 = Debug|ARM64
		{A64F94CE-4930-4FF5-9ABC-85CB72F1AF43}.Debug|x64.ActiveCfg = Debug|x64
		{A64F94CE-4930-4FF5-9ABC-85CB72F1AF43}.Debug|x64.Build.0 = Debug|x64
		{A64F94CE-4930-4FF5-9ABC-85CB72F1AF43}.Debug|x86.ActiveCfg = Debug|x86
		{A64F94CE-4930-4FF5-9ABC-85CB72F1AF43}.Debug|x86.Build.0 = Debug|x86
		{A64F94CE-4930-4FF5-9ABC-85CB72F1AF43}.Release|ARM.ActiveCfg = Release|ARM
		{A64F94CE-4930-4FF5-9ABC-85CB72F1AF43}.Release|ARM.Build.0 = Release|ARM
		{A64F94CE-4930-4FF5-9ABC-85CB72F1AF43}.Release|ARM64.ActiveCfg = Release|ARM64
		{A64F94CE-4930-4FF5-9ABC-85CB72F1AF43}.Release|ARM64.Build.0 = Release|ARM64
		{A64F94CE-4930-4FF5-9ABC-85CB72F1AF43}.Release|x64.ActiveCfg = Release|x64
		{A64F94CE-4930-4FF5-9ABC-85CB72F1AF43}.Release|x64.Build.0 = Release|x64
		{A64F94CE-4930-4FF5-9ABC-85CB72F1AF43}.Release|x86.ActiveCfg = Release|x86
		{A64F94CE-4930-4FF5-9ABC-85CB72F1AF43}.Release|x86.Build.0 = Release|x86
		{FE7D7F5A-15FE-4F35-8B24-BBD20E334A45}.Debug|ARM.ActiveCfg = Debug|ARM
		{FE7D7F5A-15FE-4F35-8B24-BBD20E334A45}.Debug|ARM.Build.0 = Debug|ARM
		{FE7D7F5A-15FE-4F35-8B24-BBD20E334A45}.Debug|ARM64.ActiveCfg = Debug|ARM64
		{FE7D7F5A-15FE-4F35-8B24-BBD20E334A45}.Debug|ARM64.Build.0 = Debug|ARM64
		{FE7D7F5A-15FE-4F35-8B24-BBD20E334A45}.Debug|x64.ActiveCfg = Debug|x64
		{FE7D7F5A-15FE-4F35-8B24-BBD20E334A45}.Debug|x64.Build.0 = Debug|x64
		{FE7D7F5A-15FE-4F35-8B24-BBD20E334A45}.Debug|x86.ActiveCfg = Debug|x86
		{FE7D7F5A-15FE-4F35-8B24-BBD20E334A45}.Debug|x86.Build.0 = Debug|x86
		{FE7D7F5A-15FE-4F35-8B24-BBD20E334A45}.Release|ARM.ActiveCfg = Release|ARM
		{FE7D7F5A-15FE-4F35-8B24-BBD20E334A45}.Release|ARM.Build.0 = Release|ARM
		{FE7D7F5A-15FE-4F35-8B24-BBD20E334A45}.Release|ARM64.ActiveCfg = Release|ARM64
		{FE7D7F5A-15FE-4F35-8B24-BBD20E334A45}.Release|ARM64.Build.0 = Release|ARM64
		{FE7D7F5A-15FE-4F35-8B24-BBD20E334A45}.Release|x64.ActiveCfg = Release|x64
		{FE7D7F5A-15FE-4F35-8B24-BBD20E334A45}.Release|x64.Build.0 = Release|x64
		{FE7D7F5A-15FE-4F35-8B24-BBD20E334A45}.Release|x86.ActiveCfg = Release|x86
		{FE7D7F5A-15FE-4F35-8B24-BBD20E334A45}.Release|x86.Build.0 = Release|x86
		{299AC609-16EF-48DF-82C3-C1FA80B95B89}.Debug|ARM.ActiveCfg = Debug|ARM
		{299AC609-16EF-48DF-82C3-C1FA80B95B89}.Debug|ARM.Build.0 = Debug|ARM
		{299AC609-16EF-48DF-82C3-C1FA80B95B89}.Debug|ARM64.ActiveCfg = Debug|ARM64
		{299AC609-16EF-48DF-82C3-C1FA80B95B89}.Debug|ARM64.Build.0 = Debug|ARM64
		{299AC609-16EF-48DF-82C3-C1FA80B95B89}.Debug|x64.ActiveCfg = Debug|x64
		{299AC609-16EF-48DF-82C3-C1FA80B95B89}.Debug|x64.Build.0 = Debug|x64
		{299AC609-16EF-48DF-82C3-C1FA80B95B89}.Debug|x86.ActiveCfg = Debug|x86
		{299AC609-16EF-48DF-82C3-C1FA80B95B89}.Debug|x86.Build.0 = Debug|x86
		{299AC609-16EF-48DF-82C3-C1FA80B95B89}.Release|ARM.ActiveCfg = Release|ARM
		{299AC609-16EF-48DF-82C3-C1FA80B95B89}.Release|ARM.Build.0 = Release|ARM
		{299AC609-16EF-48DF-82C3-C1FA80B95B89}.Release|ARM64.ActiveCfg = Release|ARM64
		{299AC609-16EF-48DF-82C3-C1FA80B95B89}.Release|ARM64.Build.0 = Release|ARM64
		{299AC609-16EF-48DF-82C3-C1FA80B95B89}.Release|x64.ActiveCfg = Release|x64
		{299AC609-16EF-48DF-82C3-C1FA80B95B89}.Release|x64.Build.0 = Release|x64
		{299AC609-16EF-48DF-82C3-C1FA80B95B89}.Release|x86.ActiveCfg = Release|x86
		{299AC609-16EF-48DF-82C3-C1FA80B95B89}.Release|x86.Build.0 = Release|x86
		{5B8FB16A-620C-419A-ABE3-3D525E6DEDB0}.Debug|ARM.ActiveCfg = Debug|ARM
		{5B8FB16A-620C-419A-ABE3-3D525E6DEDB0}.Debug|ARM.Build.0 = Debug|ARM
		{5B8FB16A-620C-419A-ABE3-3D525E6DEDB0}.Debug|ARM64.ActiveCfg = Debug|ARM64
		{5B8FB16A-620C-419A-ABE3-3D525E6DEDB0}.Debug|ARM64.Build.0 = Debug|ARM64
		{5B8FB16A-620C-419A-ABE3-3D525E6DEDB0}.Debug|x64.ActiveCfg = Debug|x64
		{5B8FB16A-620C-419A-ABE3-3D525E6DEDB0}.Debug|x64.Build.0 = Debug|x64
		{5B8FB16A-620C-419A-ABE3-3D525E6DEDB0}.Debug|x86.ActiveCfg = Debug|x86
		{5B8FB16A-620C-419A-ABE3-3D525E6DEDB0}.Debug|x86.Build.0 = Debug|x86
		{5B8FB16A-620C-419A-ABE3-3D525E6DEDB0}.Release|ARM.ActiveCfg = Release|ARM
		{5B8FB16A-620C-419A-ABE3-3D525E6DEDB0}.Release|ARM.Build.0 = Release|ARM
		{5B8FB16A-620C-419A-ABE3-3D525E6DEDB0}.Release|ARM64.ActiveCfg = Release|ARM64
		{5B8FB16A-620C-419A-ABE3-3D525E6DEDB0}.Release|ARM64.Build.0 = Release|ARM64
		{5B8FB16A-620C-419A-ABE3-3D525E6DEDB0}.Release|x64.ActiveCfg = Release|x64
		{5B8FB16A-620C-419A-ABE3-3D525E6DEDB0}.Release|x64.Build.0 = Release|x64
		{5B8FB16A-620C-419A-ABE3-3D525E6DEDB0}.Release|x86.ActiveCfg = Release|x86
		{5B8FB16A-620C-419A-ABE3-3D525E6DEDB0}.Release|x86.Build.0 = Release|x86
		{9E16D20A-2873-4FAA-A0E9-362AF2D30A77}.Debug|ARM.ActiveCfg = Debug|ARM
		{9E16D20A-2873-4FAA-A0E9-362AF2D30A77}.Debug|ARM.Build.0 = Debug|ARM
		{9E16D20A-2873-4FAA-A0E9-362AF2D30A77}.Debug|ARM64.ActiveCfg = Debug|ARM64
		{9E16D20A-2873-4FAA-A0E9-362AF2D30A77}.Debug|ARM64.Build.0 = Debug|ARM64
		{9E16D20A-2873-4FAA-A0E9-362AF2D30A77}.Debug|x64.ActiveCfg = Debug|x64
		{9E16D20A-2873-4FAA-A0E9-362AF2D30A77}.Debug|x64.Build.0 = Debug|x64
		{9E16D20A-2873-4FAA-A0E9-362AF2D30A77}.Debug|x86.ActiveCfg = Debug|x86
		{9E16D20A-2873-4FAA-A0E9-362AF2D30A77}.Debug|x86.Build.0 = Debug|x86
		{9E16D20A-2873-4FAA-A0E9-362AF2D30A77}.Release|ARM.ActiveCfg = Release|ARM
		{9E16D20A-2873-4FAA-A0E9-362AF2D30A77}.Release|ARM.Build.0 = Release|ARM
		{9E16D20A-2873-4FAA-A0E9-362AF2D30A77}.Release|ARM64.ActiveCfg = Release|ARM64
		{9E16D20A-2873-4FAA-A0E9-362AF2D30A77}.Release|ARM64.Build.0 = Release|ARM64
		{9E16D20A-2873-4FAA-A0E9-362AF2D30A77}.Release|x64.ActiveCfg = Release|x64
		{9E16D20A-2873-4FAA-A0E9-362AF2D30A77}.Release|x64.Build.0 = Release|x64
		{9E16D20A-2873-4FAA-A0E9-362AF2D30A77}.Release|x86.ActiveCfg = Release|x86
		{9E16D20A-2873-4FAA-A0E9-362AF2D30A77}.Release|x86.Build.0 = Release|x86
		{F76AEA6F-A678-4542-91CC-8DD99FC81F76}.Debug|ARM.ActiveCfg = Debug|ARM
		{F76AEA6F-A678-4542-91CC-8DD99FC81F76}.Debug|ARM.Build.0 = Debug|ARM
		{F76AEA6F-A678-4542-91CC-8DD99FC81F76}.Debug|ARM64.ActiveCfg = Debug|ARM64
		{F76AEA6F-A678-4542-91CC-8DD99FC81F76}.Debug|ARM64.Build.0 = Debug|ARM64
		{F76AEA6F-A678-4542-91CC-8DD99FC81F76}.Debug|x64.ActiveCfg = Debug|x64
		{F76AEA6F-A678-4542-91CC-8DD99FC81F76}.Debug|x64.Build.0 = Debug|x64
		{F76AEA6F-A678-4542-91CC-8DD99FC81F76}.Debug|x86.ActiveCfg = Debug|x86
		{F76AEA6F-A678-4542-91CC-8DD99FC81F76}.Debug|x86.Build.0 = Debug|x86
		{F76AEA6F-A678-4542-91CC-8DD99FC81F76}.Release|ARM.ActiveCfg = Release|ARM
		{F76AEA6F-A678-4542-91CC-8DD99FC81F76}.Release|ARM.Build.0 = Release|ARM
		{F76AEA6F-A678-4542-91CC-8DD99FC81F76}.Release|ARM64.ActiveCfg = Release|ARM64
		{F76AEA6F-A678-4542-91CC-8DD99FC81F76}.Release|ARM64.Build.0 = Release|ARM64
		{F76AEA6F-A678-4542-91CC-8DD99FC81F76}.Release|x64.ActiveCfg = Release|x64
		{F76AEA6F-A678-4542-91CC-8DD99FC81F76}.Release|x64.Build.0 = Release|x64
		{F76AEA6F-A678-4542-91CC-8DD99FC81F76}.Release|x86.ActiveCfg = Release|x86
		{F76AEA6F-A678-4542-91CC-8DD99FC81F76}.Release|x86.Build.0 = Release|x86
		{854E82F5-77D1-42DC-BCC3-5FBC021F536C}.Debug|ARM.ActiveCfg = Debug|ARM
		{854E82F5-77D1-42DC-BCC3-5FBC021F536C}.Debug|ARM.Build.0 = Debug|ARM
		{854E82F5-77D1-42DC-BCC3-5FBC021F536C}.Debug|ARM64.ActiveCfg = Debug|ARM64
		{854E82F5-77D1-42DC-BCC3-5FBC021F536C}.Debug|ARM64.Build.0 = Debug|ARM64
		{854E82F5-77D1-42DC-BCC3-5FBC021F536C}.Debug|x64.ActiveCfg = Debug|x64
		{854E82F5-77D1-42DC-BCC3-5FBC021F536C}.Debug|x64.Build.0 = Debug|x64
		{854E82F5-77D1-42DC-BCC3-5FBC021F536C}.Debug|x86.ActiveCfg = Debug|x86
		{854E82F5-77D1-42DC-BCC3-5FBC021F536C}.Debug|x86.Build.0 = Debug|x86
		{854E82F5-77D1-42DC-BCC3-5FBC021F536C}.Release|ARM.ActiveCfg = Release|ARM
		{854E82F5-77D1-42DC-BCC3-5FBC021F536C}.Release|ARM.Build.0 = Release|ARM
		{854E82F5-77D1-42DC-BCC3-5FBC021F536C}.Release|ARM64.ActiveCfg = Release|ARM64
		{854E82F5-77D1-42DC-BCC3-5FBC021F536C}.Release|ARM64.Build.0 = Release|ARM64
		{854E82F5-77D1-42DC-BCC3-5FBC021F536C}.Release|x64.ActiveCfg = Release|x64
		{854E82F5-77D1-42DC-BCC3-5FBC021F536C}.Release|x64.Build.0 = Release|x64
		{854E82F5-77D1-42DC-BCC3-5FBC021F536C}.Release|x86.ActiveCfg = Release|x86
		{854E82F5-77D1-42DC-BCC3-5FBC021F536C}.Release|x86.Build.0 = Release|x86
		{27496D8D-E6C4-44B0-9DBF-7A4736418B24}.Debug|ARM.ActiveCfg = Debug|ARM
		{27496D8D-E6C4-44B0-9DBF-7A4736418B24}.Debug|ARM.Build.0 = Debug|ARM
		{27496D8D-E6C4-44B0-9DBF-7A4736418B24}.Debug|ARM64.ActiveCfg = Debug|ARM64
		{27496D8D-E6C4-44B0-9DBF-7A4736418B24}.Debug|ARM64.Build.0 = Debug|ARM64
		{27496D8D-E6C4-44B0-9DBF-7A4736418B24}.Debug|x64.ActiveCfg = Debug|x64
		{27496D8D-E6C4-44B0-9DBF-7A4736418B24}.Debug|x64.Build.0 = Debug|x64
		{27496D8D-E6C4-44B0-9DBF-7A4736418B24}.Debug|x86.ActiveCfg = Debug|x86
		{27496D8D-E6C4-44B0-9DBF-7A4736418B24}.Debug|x86.Build.0 = Debug|x86
		{27496D8D-E6C4-44B0-9DBF-7A4736418B24}.Release|ARM.ActiveCfg = Release|ARM
		{27496D8D-E6C4-44B0-9DBF-7A4736418B24}.Release|ARM.Build.0 = Release|ARM
		{27496D8D-E6C4-44B0-9DBF-7A4736418B24}.Release|ARM64.ActiveCfg = Release|ARM64
		{27496D8D-E6C4-44B0-9DBF-7A4736418B24}.Release|ARM64.Build.0 = Release|ARM64
		{27496D8D-E6C4-44B0-9DBF-7A4736418B24}.Release|x64.ActiveCfg = Release|x64
		{27496D8D-E6C4-44B0-9DBF-7A4736418B24}.Release|x64.Build.0 = Release|x64
		{27496D8D-E6C4-44B0-9DBF-7A4736418B24}.Release|x86.ActiveCfg = Release|x86
		{27496D8D-E6C4-44B0-9DBF-7A4736418B24}.Release|x86.Build.0 = Release|x86
		{900742D7-148B-48F1-B363-E6AD4AB1B6DB}.Debug|ARM.ActiveCfg = Debug|ARM
		{900742D7-148B-48F1-B363-E6AD4AB1B6DB}.Debug|ARM.Build.0 = Debug|ARM
		{900742D7-148B-48F1-B363-E6AD4AB1B6DB}.Debug|ARM64.ActiveCfg = Debug|ARM64
		{900742D7-148B-48F1-B363-E6AD4AB1B6DB}.Debug|ARM64.Build.0 = Debug|ARM64
		{900742D7-148B-48F1-B363-E6AD4AB1B6DB}.Debug|x64.ActiveCfg = Debug|x64
		{900742D7-148B-48F1-B363-E6AD4AB1B6DB}.Debug|x64.Build.0 = Debug|x64
		{900742D7-148B-48F1-B363-E6AD4AB1B6DB}.Debug|x86.ActiveCfg = Debug|x86
		{900742D7-148B-48F1-B363-E6AD4AB1B6DB}.Debug|x86.Build.0 = Debug|x86
		{900742D7-148B-48F1-B363-E6AD4AB1B6DB}.Release|ARM.ActiveCfg = Release|ARM
		{900742D7-148B-48F1-B363-E6AD4AB1B6DB}.Release|ARM.Build.0 = Release|ARM
		{900742D7-148B-48F1-B363-E6AD4AB1B6DB}.Release|ARM64.ActiveCfg = Release|ARM64
		{900742D7-148B-48F1-B363-E6AD4AB1B6DB}.Release|ARM64.Build.0 = Release|ARM64
		{900742D7-148B-48F1-B363-E6AD4AB1B6DB}.Release|x64.ActiveCfg = Release|x64
		{900742D7-148B-48F1-B363-E6AD4AB1B6DB}.Release|x64.Build.0 = Release|x64
		{900742D7-148B-48F1-B363-E6AD4AB1B6DB}.Release|x86.ActiveCfg = Release|x86
		{900742D7-148B-48F1-B363-E6AD4AB1B6DB}.Release|x86.Build.0 = Release|x86
		{D5EB2C13-AE9B-471C-B8CB-9BCA829512CD}.Debug|ARM.ActiveCfg = Debug|ARM
		{D5EB2C13-AE9B-471C-B8CB-9BCA829512CD}.Debug|ARM.Build.0 = Debug|ARM
		{D5EB2C13-AE9B-471C-B8CB-9BCA829512CD}.Debug|ARM64.ActiveCfg = Debug|ARM64
		{D5EB2C13-AE9B-471C-B8CB-9BCA829512CD}.Debug|ARM64.Build.0 = Debug|ARM64
		{D5EB2C13-AE9B-471C-B8CB-9BCA829512CD}.Debug|x64.ActiveCfg = Debug|x64
		{D5EB2C13-AE9B-471C-B8CB-9BCA829512CD}.Debug|x64.Build.0 = Debug|x64
		{D5EB2C13-AE9B-471C-B8CB-9BCA829512CD}.Debug|x86.ActiveCfg = Debug|x86
		{D5EB2C13-AE9B-471C-B8CB-9BCA829512CD}.Debug|x86.Build.0 = Debug|x86
		{D5EB2C13-AE9B-471C-B8CB-9BCA829512CD}.Release|ARM.ActiveCfg = Release|ARM
		{D5EB2C13-AE9B-471C-B8CB-9BCA829512CD}.Release|ARM.Build.0 = Release|ARM
		{D5EB2C13-AE9B-471C-B8CB-9BCA829512CD}.Release|ARM64.ActiveCfg = Release|ARM64
		{D5EB2C13-AE9B-471C-B8CB-9BCA829512CD}.Release|ARM64.Build.0 = Release|ARM64
		{D5EB2C13-AE9B-471C-B8CB-9BCA829512CD}.Release|x64.ActiveCfg = Release|x64
		{D5EB2C13-AE9B-471C-B8CB-9BCA829512CD}.Release|x64.Build.0 = Release|x64
		{D5EB2C13-AE9B-471C-B8CB-9BCA829512CD}.Release|x86.ActiveCfg = Release|x86
		{D5EB2C13-AE9B-471C-B8CB-9BCA829512CD}.Release|x86.Build.0 = Release|x86
		{B63A511A-7DF7-4D47-841E-D82C026B1E72}.Debug|ARM.ActiveCfg = Debug|ARM
		{B63A511A-7DF7-4D47-841E-D82C026B1E72}.Debug|ARM.Build.0 = Debug|ARM
		{B63A511A-7DF7-4D47-841E-D82C026B1E72}.Debug|ARM64.ActiveCfg = Debug|ARM64
		{B63A511A-7DF7-4D47-841E-D82C026B1E72}.Debug|ARM64.Build.0 = Debug|ARM64
		{B63A511A-7DF7-4D47-841E-D82C026B1E72}.Debug|x64.ActiveCfg = Debug|x64
		{B63A511A-7DF7-4D47-841E-D82C026B1E72}.Debug|x64.Build.0 = Debug|x64
		{B63A511A-7DF7-4D47-841E-D82C026B1E72}.Debug|x86.ActiveCfg = Debug|x86
		{B63A511A-7DF7-4D47-841E-D82C026B1E72}.Debug|x86.Build.0 = Debug|x86
		{B63A511A-7DF7-4D47-841E-D82C026B1E72}.Release|ARM.ActiveCfg = Release|ARM
		{B63A511A-7DF7-4D47-841E-D82C026B1E72}.Release|ARM.Build.0 = Release|ARM
		{B63A511A-7DF7-4D47-841E-D82C026B1E72}.Release|ARM64.ActiveCfg = Release|ARM64
		{B63A511A-7DF7-4D47-841E-D82C026B1E72}.Release|ARM64.Build.0 = Release|ARM64
		{B63A511A-7DF7-4D47-841E-D82C026B1E72}.Release|x64.ActiveCfg = Release|x64
		{B63A511A-7DF7-4D47-841E-D82C026B1E72}.Release|x64.Build.0 = Release|x64
		{B63A511A-7DF7-4D47-841E-D82C026B1E72}.Release|x86.ActiveCfg = Release|x86
		{B63A511A-7DF7-4D47-841E-D82C026B1E72}.Release|x86.Build.0 = Release|x86
	EndGlobalSection
	GlobalSection(SolutionProperties) = preSolution
		HideSolutionNode = FALSE
	EndGlobalSection
	GlobalSection(NestedProjects) = preSolution
		{6FC2BDE7-3558-4256-8408-FF1DAE5B22E6} = {ACC45CB6-852A-4DCC-AEE2-C4F26E6F942B}
		{0A1EE270-A68C-4754-917E-866A3F69A4CA} = {ACC45CB6-852A-4DCC-AEE2-C4F26E6F942B}
		{9F50D38D-A3A4-4A88-A3BE-A8A2DC02A0A0} = {123C39E5-32E8-4CBF-8914-03AD5627149D}
		{AF8DEE00-3F64-4727-9A19-1719939360DB} = {123C39E5-32E8-4CBF-8914-03AD5627149D}
		{A64F94CE-4930-4FF5-9ABC-85CB72F1AF43} = {123C39E5-32E8-4CBF-8914-03AD5627149D}
		{FE7D7F5A-15FE-4F35-8B24-BBD20E334A45} = {123C39E5-32E8-4CBF-8914-03AD5627149D}
		{299AC609-16EF-48DF-82C3-C1FA80B95B89} = {ACC45CB6-852A-4DCC-AEE2-C4F26E6F942B}
		{5B8FB16A-620C-419A-ABE3-3D525E6DEDB0} = {ACC45CB6-852A-4DCC-AEE2-C4F26E6F942B}
		{9E16D20A-2873-4FAA-A0E9-362AF2D30A77} = {ACC45CB6-852A-4DCC-AEE2-C4F26E6F942B}
		{F76AEA6F-A678-4542-91CC-8DD99FC81F76} = {ACC45CB6-852A-4DCC-AEE2-C4F26E6F942B}
		{854E82F5-77D1-42DC-BCC3-5FBC021F536C} = {ACC45CB6-852A-4DCC-AEE2-C4F26E6F942B}
		{27496D8D-E6C4-44B0-9DBF-7A4736418B24} = {ACC45CB6-852A-4DCC-AEE2-C4F26E6F942B}
		{900742D7-148B-48F1-B363-E6AD4AB1B6DB} = {ACC45CB6-852A-4DCC-AEE2-C4F26E6F942B}
		{D5EB2C13-AE9B-471C-B8CB-9BCA829512CD} = {ACC45CB6-852A-4DCC-AEE2-C4F26E6F942B}
		{B63A511A-7DF7-4D47-841E-D82C026B1E72} = {ACC45CB6-852A-4DCC-AEE2-C4F26E6F942B}
	EndGlobalSection
	GlobalSection(ExtensibilityGlobals) = postSolution
		SolutionGuid = {480A5F96-9B96-41B8-B9B2-47238C8505A6}
	EndGlobalSection
EndGlobal
