<?xml version="1.0" encoding="utf-8"?>
<Project ToolsVersion="4.0" xmlns="http://schemas.microsoft.com/developer/msbuild/2003">
  <ItemGroup>
    <ClCompile Include="..\..\..\Src\iberbar\RHI\OpenGL\Buffer.cpp" />
    <ClCompile Include="..\..\..\Src\iberbar\RHI\OpenGL\CommandContext.cpp" />
    <ClCompile Include="..\..\..\Src\iberbar\RHI\OpenGL\Device.cpp" />
    <ClCompile Include="..\..\..\Src\iberbar\RHI\OpenGL\ShaderProgram.cpp" />
    <ClCompile Include="..\..\..\Src\iberbar\RHI\OpenGL\ShaderState.cpp" />
    <ClCompile Include="..\..\..\Src\iberbar\RHI\OpenGL\Texture.cpp" />
    <ClCompile Include="..\..\..\Src\iberbar\RHI\OpenGL\TextureReadFunc.cpp" />
    <ClCompile Include="..\..\..\Src\iberbar\RHI\OpenGL\VertexDeclaration.cpp" />
    <ClCompile Include="..\..\..\Src\iberbar\RHI\OpenGL\ShaderVariables.cpp" />
    <ClCompile Include="..\..\..\Src\iberbar\RHI\OpenGL\CommonDynamic.cpp" />
  </ItemGroup>
  <ItemGroup>
    <ClInclude Include="..\..\..\Src\iberbar\RHI\OpenGL\Buffer.h" />
    <ClInclude Include="..\..\..\Src\iberbar\RHI\OpenGL\CommandContext.h" />
    <ClInclude Include="..\..\..\Src\iberbar\RHI\OpenGL\Device.h" />
    <ClInclude Include="..\..\..\Src\iberbar\RHI\OpenGL\Headers.h" />
    <ClInclude Include="..\..\..\Src\iberbar\RHI\OpenGL\ShaderProgram.h" />
    <ClInclude Include="..\..\..\Src\iberbar\RHI\OpenGL\ShaderState.h" />
    <ClInclude Include="..\..\..\Src\iberbar\RHI\OpenGL\Texture.h" />
    <ClInclude Include="..\..\..\Src\iberbar\RHI\OpenGL\TextureReadFunc.h" />
    <ClInclude Include="..\..\..\Src\iberbar\RHI\OpenGL\Types.h" />
    <ClInclude Include="..\..\..\Src\iberbar\RHI\OpenGL\VertexDeclaration.h" />
    <ClInclude Include="..\..\..\Src\iberbar\RHI\OpenGL\ShaderVariables.h" />
    <ClInclude Include="..\..\..\Src\iberbar\RHI\OpenGL\CommonDynamic.h" />
  </ItemGroup>
</Project>