<?xml version="1.0" encoding="utf-8"?>
<Project ToolsVersion="4.0" xmlns="http://schemas.microsoft.com/developer/msbuild/2003">
  <ItemGroup>
    <ClInclude Include="..\..\..\Src\iberbar\Renderer\CustomCommand.h" />
    <ClInclude Include="..\..\..\Src\iberbar\Renderer\Headers.h" />
    <ClInclude Include="..\..\..\Src\iberbar\Renderer\RenderCommand.h" />
    <ClInclude Include="..\..\..\Src\iberbar\Renderer\Renderer.h" />
    <ClInclude Include="..\..\..\Src\iberbar\Renderer\TrianglesCommand.h" />
    <ClInclude Include="..\..\..\Src\iberbar\Renderer\RendererSprite.h" />
    <ClInclude Include="..\..\..\Src\iberbar\Renderer\Font.h" />
    <ClInclude Include="..\..\..\Src\iberbar\Renderer\FontDrawState.h" />
  </ItemGroup>
  <ItemGroup>
    <ClCompile Include="..\..\..\Src\iberbar\Renderer\RenderCommand.cpp" />
    <ClCompile Include="..\..\..\Src\iberbar\Renderer\Renderer.cpp" />
    <ClCompile Include="..\..\..\Src\iberbar\Renderer\TrianglesCommand.cpp" />
    <ClCompile Include="..\..\..\Src\iberbar\Renderer\RendererSprite.cpp" />
    <ClCompile Include="..\..\..\Src\iberbar\Renderer\Font.cpp" />
    <ClCompile Include="..\..\..\Src\iberbar\Renderer\FontDrawState.cpp" />
  </ItemGroup>
  <ItemGroup>
    <Filter Include="Font">
      <UniqueIdentifier>{6bc6da60-661e-4225-bbfb-a728cd3de725}</UniqueIdentifier>
    </Filter>
  </ItemGroup>
</Project>