<?xml version="1.0" encoding="utf-8"?>
<Project ToolsVersion="4.0" xmlns="http://schemas.microsoft.com/developer/msbuild/2003">
  <ItemGroup>
    <ClInclude Include="..\..\..\Src\iberbar\Javascript\Device.h" />
    <ClInclude Include="..\..\..\Src\iberbar\Javascript\Headers.h" />
    <ClInclude Include="..\..\..\Src\iberbar\Javascript\Translator\FunctionTranslator.h">
      <Filter>Translator</Filter>
    </ClInclude>
    <ClInclude Include="..\..\..\Src\iberbar\Javascript\V8Utils.h" />
    <ClInclude Include="..\..\..\Src\iberbar\Javascript\JsLogger.h" />
    <ClInclude Include="..\..\..\Src\iberbar\Javascript\JsModuleLoader.h" />
  </ItemGroup>
  <ItemGroup>
    <ClCompile Include="..\..\..\Src\iberbar\Javascript\Device.cpp" />
    <ClCompile Include="..\..\..\Src\iberbar\Javascript\JsLogger.cpp" />
    <ClCompile Include="..\..\..\Src\iberbar\Javascript\JsModuleLoader.cpp" />
  </ItemGroup>
  <ItemGroup>
    <Filter Include="Translator">
      <UniqueIdentifier>{a8fcac21-71ad-4f1b-9d81-9a063fb527eb}</UniqueIdentifier>
    </Filter>
  </ItemGroup>
</Project>