<?xml version="1.0" encoding="utf-8"?>
<Project ToolsVersion="4.0" xmlns="http://schemas.microsoft.com/developer/msbuild/2003">
  <ItemGroup>
    <ClCompile Include="..\..\..\Src\iberbar\Paper2d\Animation.cpp" />
    <ClCompile Include="..\..\..\Src\iberbar\Paper2d\Camera.cpp" />
    <ClCompile Include="..\..\..\Src\iberbar\Paper2d\Director.cpp" />
    <ClCompile Include="..\..\..\Src\iberbar\Paper2d\DrawContext.cpp" />
    <ClCompile Include="..\..\..\Src\iberbar\Paper2d\Image.cpp" />
    <ClCompile Include="..\..\..\Src\iberbar\Paper2d\Node.cpp" />
    <ClCompile Include="..\..\..\Src\iberbar\Paper2d\Scene.cpp" />
  </ItemGroup>
  <ItemGroup>
    <ClInclude Include="..\..\..\Src\iberbar\Paper2d\Animation.h" />
    <ClInclude Include="..\..\..\Src\iberbar\Paper2d\Camera.h" />
    <ClInclude Include="..\..\..\Src\iberbar\Paper2d\Director.h" />
    <ClInclude Include="..\..\..\Src\iberbar\Paper2d\DrawContext.h" />
    <ClInclude Include="..\..\..\Src\iberbar\Paper2d\Headers.h" />
    <ClInclude Include="..\..\..\Src\iberbar\Paper2d\Image.h" />
    <ClInclude Include="..\..\..\Src\iberbar\Paper2d\Node.h" />
    <ClInclude Include="..\..\..\Src\iberbar\Paper2d\Scene.h" />
  </ItemGroup>
</Project>